
Microsoft Visual Studio Solution File, Format Version 12.00
# Visual Studio Version 17
VisualStudioVersion = 17.13.35919.96 d17.13
MinimumVisualStudioVersion = 10.0.40219.1
Project("{8BC9CEB8-8B4A-11D0-8D11-00A0C91BC942}") = "OpenCV_THRESHOLD", "OpenCV_THRESHOLD\OpenCV_THRESHOLD.vcxproj", "{361ED1A7-B6A0-40FB-A963-1585EBA9859D}"
EndProject
Global
	GlobalSection(SolutionConfigurationPlatforms) = preSolution
		Debug|x64 = Debug|x64
		Debug|x86 = Debug|x86
		Release|x64 = Release|x64
		Release|x86 = Release|x86
	EndGlobalSection
	GlobalSection(ProjectConfigurationPlatforms) = postSolution
		{361ED1A7-B6A0-40FB-A963-1585EBA9859D}.Debug|x64.ActiveCfg = Debug|x64
		{361ED1A7-B6A0-40FB-A963-1585EBA9859D}.Debug|x64.Build.0 = Debug|x64
		{361ED1A7-B6A0-40FB-A963-1585EBA9859D}.Debug|x86.ActiveCfg = Debug|Win32
		{361ED1A7-B6A0-40FB-A963-1585EBA9859D}.Debug|x86.Build.0 = Debug|Win32
		{361ED1A7-B6A0-40FB-A963-1585EBA9859D}.Release|x64.ActiveCfg = Release|x64
		{361ED1A7-B6A0-40FB-A963-1585EBA9859D}.Release|x64.Build.0 = Release|x64
		{361ED1A7-B6A0-40FB-A963-1585EBA9859D}.Release|x86.ActiveCfg = Release|Win32
		{361ED1A7-B6A0-40FB-A963-1585EBA9859D}.Release|x86.Build.0 = Release|Win32
	EndGlobalSection
	GlobalSection(SolutionProperties) = preSolution
		HideSolutionNode = FALSE
	EndGlobalSection
	GlobalSection(ExtensibilityGlobals) = postSolution
		SolutionGuid = {B6484075-BC7A-412F-89C7-068B82B8081B}
	EndGlobalSection
EndGlobal
